
Microsoft Visual Studio Solution File, Format Version 12.00
# Visual Studio 14
VisualStudioVersion = 14.0.23107.0
MinimumVisualStudioVersion = 10.0.40219.1
Project("{FAE04EC0-301F-11D3-BF4B-00C04F79EFBC}") = "FichaTecnica.Web.MVC", "FichaTecnica\FichaTecnica.Web.MVC.csproj", "{A4C80994-731B-46B5-8390-6F1058165535}"
EndProject
Project("{FAE04EC0-301F-11D3-BF4B-00C04F79EFBC}") = "FichaTecnica.Dominio.Tests", "FichaTecnica.Tests\FichaTecnica.Dominio.Tests.csproj", "{0C1CFDA0-95E6-48B0-99BB-45EB7679FE27}"
EndProject
Project("{2150E333-8FDC-42A3-9474-1A3956D46DE8}") = "1 - UI", "1 - UI", "{A8B352B1-8D21-4C2F-8E3C-3E16E47184AA}"
EndProject
Project("{2150E333-8FDC-42A3-9474-1A3956D46DE8}") = "2 - Dominio", "2 - Dominio", "{23D136EE-122C-4605-A95E-88DF27F50607}"
EndProject
Project("{2150E333-8FDC-42A3-9474-1A3956D46DE8}") = "3 - Infraestrutura", "3 - Infraestrutura", "{3CFE6363-7D6C-4509-8E45-125A4FF18590}"
EndProject
Project("{2150E333-8FDC-42A3-9474-1A3956D46DE8}") = "Helpers", "Helpers", "{78343F59-B388-4846-8AAD-CB239C729421}"
EndProject
Project("{FAE04EC0-301F-11D3-BF4B-00C04F79EFBC}") = "FichaTecnica.Helpers", "FichaTecnica.Helpers\FichaTecnica.Helpers.csproj", "{E5D2CEAF-9EFC-425B-8727-B8CC813A63AB}"
EndProject
Project("{2150E333-8FDC-42A3-9474-1A3956D46DE8}") = "Repositorios", "Repositorios", "{0BBFCF55-9752-430F-A950-8EB011541F1B}"
EndProject
Project("{FAE04EC0-301F-11D3-BF4B-00C04F79EFBC}") = "FichaTecnica.Repositorio.EF", "FichaTecnica.Repositorio.EF\FichaTecnica.Repositorio.EF.csproj", "{BC16C4C4-EB6D-4ED6-9D84-9EE656DBF8EA}"
EndProject
Project("{FAE04EC0-301F-11D3-BF4B-00C04F79EFBC}") = "FichaTecnica.Dominio", "FichaTecnica.Dominio\FichaTecnica.Dominio.csproj", "{1B3799BB-AA6D-489D-AE65-FE7DB3E74624}"
EndProject
Global
	GlobalSection(SolutionConfigurationPlatforms) = preSolution
		Debug|Any CPU = Debug|Any CPU
		Release|Any CPU = Release|Any CPU
	EndGlobalSection
	GlobalSection(ProjectConfigurationPlatforms) = postSolution
		{A4C80994-731B-46B5-8390-6F1058165535}.Debug|Any CPU.ActiveCfg = Debug|Any CPU
		{A4C80994-731B-46B5-8390-6F1058165535}.Debug|Any CPU.Build.0 = Debug|Any CPU
		{A4C80994-731B-46B5-8390-6F1058165535}.Release|Any CPU.ActiveCfg = Release|Any CPU
		{A4C80994-731B-46B5-8390-6F1058165535}.Release|Any CPU.Build.0 = Release|Any CPU
		{0C1CFDA0-95E6-48B0-99BB-45EB7679FE27}.Debug|Any CPU.ActiveCfg = Debug|Any CPU
		{0C1CFDA0-95E6-48B0-99BB-45EB7679FE27}.Debug|Any CPU.Build.0 = Debug|Any CPU
		{0C1CFDA0-95E6-48B0-99BB-45EB7679FE27}.Release|Any CPU.ActiveCfg = Release|Any CPU
		{0C1CFDA0-95E6-48B0-99BB-45EB7679FE27}.Release|Any CPU.Build.0 = Release|Any CPU
		{E5D2CEAF-9EFC-425B-8727-B8CC813A63AB}.Debug|Any CPU.ActiveCfg = Debug|Any CPU
		{E5D2CEAF-9EFC-425B-8727-B8CC813A63AB}.Debug|Any CPU.Build.0 = Debug|Any CPU
		{E5D2CEAF-9EFC-425B-8727-B8CC813A63AB}.Release|Any CPU.ActiveCfg = Release|Any CPU
		{E5D2CEAF-9EFC-425B-8727-B8CC813A63AB}.Release|Any CPU.Build.0 = Release|Any CPU
		{BC16C4C4-EB6D-4ED6-9D84-9EE656DBF8EA}.Debug|Any CPU.ActiveCfg = Debug|Any CPU
		{BC16C4C4-EB6D-4ED6-9D84-9EE656DBF8EA}.Debug|Any CPU.Build.0 = Debug|Any CPU
		{BC16C4C4-EB6D-4ED6-9D84-9EE656DBF8EA}.Release|Any CPU.ActiveCfg = Release|Any CPU
		{BC16C4C4-EB6D-4ED6-9D84-9EE656DBF8EA}.Release|Any CPU.Build.0 = Release|Any CPU
		{1B3799BB-AA6D-489D-AE65-FE7DB3E74624}.Debug|Any CPU.ActiveCfg = Debug|Any CPU
		{1B3799BB-AA6D-489D-AE65-FE7DB3E74624}.Debug|Any CPU.Build.0 = Debug|Any CPU
		{1B3799BB-AA6D-489D-AE65-FE7DB3E74624}.Release|Any CPU.ActiveCfg = Release|Any CPU
		{1B3799BB-AA6D-489D-AE65-FE7DB3E74624}.Release|Any CPU.Build.0 = Release|Any CPU
	EndGlobalSection
	GlobalSection(SolutionProperties) = preSolution
		HideSolutionNode = FALSE
	EndGlobalSection
	GlobalSection(NestedProjects) = preSolution
		{A4C80994-731B-46B5-8390-6F1058165535} = {A8B352B1-8D21-4C2F-8E3C-3E16E47184AA}
		{0C1CFDA0-95E6-48B0-99BB-45EB7679FE27} = {23D136EE-122C-4605-A95E-88DF27F50607}
		{78343F59-B388-4846-8AAD-CB239C729421} = {3CFE6363-7D6C-4509-8E45-125A4FF18590}
		{E5D2CEAF-9EFC-425B-8727-B8CC813A63AB} = {78343F59-B388-4846-8AAD-CB239C729421}
		{0BBFCF55-9752-430F-A950-8EB011541F1B} = {3CFE6363-7D6C-4509-8E45-125A4FF18590}
		{BC16C4C4-EB6D-4ED6-9D84-9EE656DBF8EA} = {0BBFCF55-9752-430F-A950-8EB011541F1B}
		{1B3799BB-AA6D-489D-AE65-FE7DB3E74624} = {23D136EE-122C-4605-A95E-88DF27F50607}
	EndGlobalSection
EndGlobal
